// !$*UTF8*$!
{
	archiveVersion = 1;
	classes = {
	};
	objectVersion = 46;
	objects = {

/* Begin PBXBuildFile section */
		A23265CB1C431E1C0005DC94 /* FriendsTableViewController.m in Sources */ = {isa = PBXBuildFile; fileRef = A23265CA1C431E1C0005DC94 /* FriendsTableViewController.m */; };
		A23265CE1C4369090005DC94 /* CameraViewController.m in Sources */ = {isa = PBXBuildFile; fileRef = A23265CD1C4369090005DC94 /* CameraViewController.m */; };
		A23265D31C4C6C6E0005DC94 /* icon_image.png in Resources */ = {isa = PBXBuildFile; fileRef = A23265CF1C4C6C6E0005DC94 /* icon_image.png */; };
		A23265D41C4C6C6E0005DC94 /* icon_image@2x.png in Resources */ = {isa = PBXBuildFile; fileRef = A23265D01C4C6C6E0005DC94 /* icon_image@2x.png */; };
		A23265D51C4C6C6E0005DC94 /* icon_video.png in Resources */ = {isa = PBXBuildFile; fileRef = A23265D11C4C6C6E0005DC94 /* icon_video.png */; };
		A23265D61C4C6C6E0005DC94 /* icon_video@2x.png in Resources */ = {isa = PBXBuildFile; fileRef = A23265D21C4C6C6E0005DC94 /* icon_video@2x.png */; };
		A23265D91C4C77120005DC94 /* ImageViewController.m in Sources */ = {isa = PBXBuildFile; fileRef = A23265D81C4C77120005DC94 /* ImageViewController.m */; };
		A24C0E341C3CFA4B004FE793 /* main.m in Sources */ = {isa = PBXBuildFile; fileRef = A24C0E331C3CFA4B004FE793 /* main.m */; };
		A24C0E371C3CFA4B004FE793 /* AppDelegate.m in Sources */ = {isa = PBXBuildFile; fileRef = A24C0E361C3CFA4B004FE793 /* AppDelegate.m */; };
		A24C0E3A1C3CFA4B004FE793 /* ViewController.m in Sources */ = {isa = PBXBuildFile; fileRef = A24C0E391C3CFA4B004FE793 /* ViewController.m */; };
		A24C0E3D1C3CFA4B004FE793 /* Main.storyboard in Resources */ = {isa = PBXBuildFile; fileRef = A24C0E3B1C3CFA4B004FE793 /* Main.storyboard */; };
		A24C0E3F1C3CFA4B004FE793 /* Assets.xcassets in Resources */ = {isa = PBXBuildFile; fileRef = A24C0E3E1C3CFA4B004FE793 /* Assets.xcassets */; };
		A24C0E421C3CFA4B004FE793 /* LaunchScreen.storyboard in Resources */ = {isa = PBXBuildFile; fileRef = A24C0E401C3CFA4B004FE793 /* LaunchScreen.storyboard */; };
		A24C0E4F1C3CFA82004FE793 /* camera.png in Resources */ = {isa = PBXBuildFile; fileRef = A24C0E491C3CFA82004FE793 /* camera.png */; };
		A24C0E501C3CFA82004FE793 /* camera@2x.png in Resources */ = {isa = PBXBuildFile; fileRef = A24C0E4A1C3CFA82004FE793 /* camera@2x.png */; };
		A24C0E511C3CFA82004FE793 /* friends.png in Resources */ = {isa = PBXBuildFile; fileRef = A24C0E4B1C3CFA82004FE793 /* friends.png */; };
		A24C0E521C3CFA82004FE793 /* friends@2x.png in Resources */ = {isa = PBXBuildFile; fileRef = A24C0E4C1C3CFA82004FE793 /* friends@2x.png */; };
		A24C0E531C3CFA82004FE793 /* inbox.png in Resources */ = {isa = PBXBuildFile; fileRef = A24C0E4D1C3CFA82004FE793 /* inbox.png */; };
		A24C0E541C3CFA82004FE793 /* inbox@2x.png in Resources */ = {isa = PBXBuildFile; fileRef = A24C0E4E1C3CFA82004FE793 /* inbox@2x.png */; };
		A27791991C3E4D6F00185D2C /* InboxTableViewController.m in Sources */ = {isa = PBXBuildFile; fileRef = A27791981C3E4D6F00185D2C /* InboxTableViewController.m */; };
		A277919E1C3F1B2D00185D2C /* Parse.framework in Frameworks */ = {isa = PBXBuildFile; fileRef = A277919D1C3F1B2D00185D2C /* Parse.framework */; };
		A27791A01C3F1B9500185D2C /* Bolts.framework in Frameworks */ = {isa = PBXBuildFile; fileRef = A277919F1C3F1B9500185D2C /* Bolts.framework */; };
		A27791A21C3F1E1F00185D2C /* AudioToolbox.framework in Frameworks */ = {isa = PBXBuildFile; fileRef = A27791A11C3F1E1F00185D2C /* AudioToolbox.framework */; };
		A27791A41C3F1E2A00185D2C /* CFNetwork.framework in Frameworks */ = {isa = PBXBuildFile; fileRef = A27791A31C3F1E2A00185D2C /* CFNetwork.framework */; };
		A27791A61C3F1E3600185D2C /* CoreGraphics.framework in Frameworks */ = {isa = PBXBuildFile; fileRef = A27791A51C3F1E3600185D2C /* CoreGraphics.framework */; };
		A27791A81C3F1E3F00185D2C /* CoreLocation.framework in Frameworks */ = {isa = PBXBuildFile; fileRef = A27791A71C3F1E3F00185D2C /* CoreLocation.framework */; };
		A27791AA1C3F1E5200185D2C /* QuartzCore.framework in Frameworks */ = {isa = PBXBuildFile; fileRef = A27791A91C3F1E5200185D2C /* QuartzCore.framework */; };
		A27791AC1C3F1E5D00185D2C /* Security.framework in Frameworks */ = {isa = PBXBuildFile; fileRef = A27791AB1C3F1E5D00185D2C /* Security.framework */; };
		A27791AE1C3F1E6600185D2C /* StoreKit.framework in Frameworks */ = {isa = PBXBuildFile; fileRef = A27791AD1C3F1E6600185D2C /* StoreKit.framework */; };
		A27791B01C3F1E7400185D2C /* SystemConfiguration.framework in Frameworks */ = {isa = PBXBuildFile; fileRef = A27791AF1C3F1E7400185D2C /* SystemConfiguration.framework */; };
		A27791B21C3F1EB000185D2C /* libsqlite3.tbd in Frameworks */ = {isa = PBXBuildFile; fileRef = A27791B11C3F1EB000185D2C /* libsqlite3.tbd */; };
		A27791B41C3F1F1300185D2C /* libz.1.1.3.tbd in Frameworks */ = {isa = PBXBuildFile; fileRef = A27791B31C3F1F1300185D2C /* libz.1.1.3.tbd */; };
		A27791B61C3F1F2900185D2C /* MobileCoreServices.framework in Frameworks */ = {isa = PBXBuildFile; fileRef = A27791B51C3F1F2900185D2C /* MobileCoreServices.framework */; };
		A27791BF1C3F416E00185D2C /* SignUpViewController.m in Sources */ = {isa = PBXBuildFile; fileRef = A27791BE1C3F416E00185D2C /* SignUpViewController.m */; };
		A27791C21C3F485200185D2C /* LoginViewController.m in Sources */ = {isa = PBXBuildFile; fileRef = A27791C11C3F485200185D2C /* LoginViewController.m */; };
		A27791C51C420E0500185D2C /* EditFriendsTableViewController.m in Sources */ = {isa = PBXBuildFile; fileRef = A27791C41C420E0500185D2C /* EditFriendsTableViewController.m */; };
/* End PBXBuildFile section */

/* Begin PBXFileReference section */
		A23265C91C431E1C0005DC94 /* FriendsTableViewController.h */ = {isa = PBXFileReference; fileEncoding = 4; lastKnownFileType = sourcecode.c.h; path = FriendsTableViewController.h; sourceTree = "<group>"; };
		A23265CA1C431E1C0005DC94 /* FriendsTableViewController.m */ = {isa = PBXFileReference; fileEncoding = 4; lastKnownFileType = sourcecode.c.objc; path = FriendsTableViewController.m; sourceTree = "<group>"; };
		A23265CC1C4369090005DC94 /* CameraViewController.h */ = {isa = PBXFileReference; fileEncoding = 4; lastKnownFileType = sourcecode.c.h; path = CameraViewController.h; sourceTree = "<group>"; };
		A23265CD1C4369090005DC94 /* CameraViewController.m */ = {isa = PBXFileReference; fileEncoding = 4; lastKnownFileType = sourcecode.c.objc; path = CameraViewController.m; sourceTree = "<group>"; };
		A23265CF1C4C6C6E0005DC94 /* icon_image.png */ = {isa = PBXFileReference; lastKnownFileType = image.png; path = icon_image.png; sourceTree = "<group>"; };
		A23265D01C4C6C6E0005DC94 /* icon_image@2x.png */ = {isa = PBXFileReference; lastKnownFileType = image.png; path = "icon_image@2x.png"; sourceTree = "<group>"; };
		A23265D11C4C6C6E0005DC94 /* icon_video.png */ = {isa = PBXFileReference; lastKnownFileType = image.png; path = icon_video.png; sourceTree = "<group>"; };
		A23265D21C4C6C6E0005DC94 /* icon_video@2x.png */ = {isa = PBXFileReference; lastKnownFileType = image.png; path = "icon_video@2x.png"; sourceTree = "<group>"; };
		A23265D71C4C77120005DC94 /* ImageViewController.h */ = {isa = PBXFileReference; fileEncoding = 4; lastKnownFileType = sourcecode.c.h; path = ImageViewController.h; sourceTree = "<group>"; };
		A23265D81C4C77120005DC94 /* ImageViewController.m */ = {isa = PBXFileReference; fileEncoding = 4; lastKnownFileType = sourcecode.c.objc; path = ImageViewController.m; sourceTree = "<group>"; };
		A24C0E2F1C3CFA4B004FE793 /* SnapMe.app */ = {isa = PBXFileReference; explicitFileType = wrapper.application; includeInIndex = 0; path = SnapMe.app; sourceTree = BUILT_PRODUCTS_DIR; };
		A24C0E331C3CFA4B004FE793 /* main.m */ = {isa = PBXFileReference; lastKnownFileType = sourcecode.c.objc; path = main.m; sourceTree = "<group>"; };
		A24C0E351C3CFA4B004FE793 /* AppDelegate.h */ = {isa = PBXFileReference; lastKnownFileType = sourcecode.c.h; path = AppDelegate.h; sourceTree = "<group>"; };
		A24C0E361C3CFA4B004FE793 /* AppDelegate.m */ = {isa = PBXFileReference; lastKnownFileType = sourcecode.c.objc; path = AppDelegate.m; sourceTree = "<group>"; };
		A24C0E381C3CFA4B004FE793 /* ViewController.h */ = {isa = PBXFileReference; lastKnownFileType = sourcecode.c.h; path = ViewController.h; sourceTree = "<group>"; };
		A24C0E391C3CFA4B004FE793 /* ViewController.m */ = {isa = PBXFileReference; lastKnownFileType = sourcecode.c.objc; path = ViewController.m; sourceTree = "<group>"; };
		A24C0E3C1C3CFA4B004FE793 /* Base */ = {isa = PBXFileReference; lastKnownFileType = file.storyboard; name = Base; path = Base.lproj/Main.storyboard; sourceTree = "<group>"; };
		A24C0E3E1C3CFA4B004FE793 /* Assets.xcassets */ = {isa = PBXFileReference; lastKnownFileType = folder.assetcatalog; path = Assets.xcassets; sourceTree = "<group>"; };
		A24C0E411C3CFA4B004FE793 /* Base */ = {isa = PBXFileReference; lastKnownFileType = file.storyboard; name = Base; path = Base.lproj/LaunchScreen.storyboard; sourceTree = "<group>"; };
		A24C0E431C3CFA4B004FE793 /* Info.plist */ = {isa = PBXFileReference; lastKnownFileType = text.plist.xml; path = Info.plist; sourceTree = "<group>"; };
		A24C0E491C3CFA82004FE793 /* camera.png */ = {isa = PBXFileReference; lastKnownFileType = image.png; path = camera.png; sourceTree = "<group>"; };
		A24C0E4A1C3CFA82004FE793 /* camera@2x.png */ = {isa = PBXFileReference; lastKnownFileType = image.png; path = "camera@2x.png"; sourceTree = "<group>"; };
		A24C0E4B1C3CFA82004FE793 /* friends.png */ = {isa = PBXFileReference; lastKnownFileType = image.png; path = friends.png; sourceTree = "<group>"; };
		A24C0E4C1C3CFA82004FE793 /* friends@2x.png */ = {isa = PBXFileReference; lastKnownFileType = image.png; path = "friends@2x.png"; sourceTree = "<group>"; };
		A24C0E4D1C3CFA82004FE793 /* inbox.png */ = {isa = PBXFileReference; lastKnownFileType = image.png; path = inbox.png; sourceTree = "<group>"; };
		A24C0E4E1C3CFA82004FE793 /* inbox@2x.png */ = {isa = PBXFileReference; lastKnownFileType = image.png; path = "inbox@2x.png"; sourceTree = "<group>"; };
		A27791971C3E4D6F00185D2C /* InboxTableViewController.h */ = {isa = PBXFileReference; fileEncoding = 4; lastKnownFileType = sourcecode.c.h; name = InboxTableViewController.h; path = ../InboxTableViewController.h; sourceTree = "<group>"; };
		A27791981C3E4D6F00185D2C /* InboxTableViewController.m */ = {isa = PBXFileReference; fileEncoding = 4; lastKnownFileType = sourcecode.c.objc; name = InboxTableViewController.m; path = ../InboxTableViewController.m; sourceTree = "<group>"; };
		A277919D1C3F1B2D00185D2C /* Parse.framework */ = {isa = PBXFileReference; lastKnownFileType = wrapper.framework; name = Parse.framework; path = "../../../../Downloads/parse-library-1.11.0/Parse.framework"; sourceTree = "<group>"; };
		A277919F1C3F1B9500185D2C /* Bolts.framework */ = {isa = PBXFileReference; lastKnownFileType = wrapper.framework; path = Bolts.framework; sourceTree = "<group>"; };
		A27791A11C3F1E1F00185D2C /* AudioToolbox.framework */ = {isa = PBXFileReference; lastKnownFileType = wrapper.framework; name = AudioToolbox.framework; path = System/Library/Frameworks/AudioToolbox.framework; sourceTree = SDKROOT; };
		A27791A31C3F1E2A00185D2C /* CFNetwork.framework */ = {isa = PBXFileReference; lastKnownFileType = wrapper.framework; name = CFNetwork.framework; path = System/Library/Frameworks/CFNetwork.framework; sourceTree = SDKROOT; };
		A27791A51C3F1E3600185D2C /* CoreGraphics.framework */ = {isa = PBXFileReference; lastKnownFileType = wrapper.framework; name = CoreGraphics.framework; path = System/Library/Frameworks/CoreGraphics.framework; sourceTree = SDKROOT; };
		A27791A71C3F1E3F00185D2C /* CoreLocation.framework */ = {isa = PBXFileReference; lastKnownFileType = wrapper.framework; name = CoreLocation.framework; path = System/Library/Frameworks/CoreLocation.framework; sourceTree = SDKROOT; };
		A27791A91C3F1E5200185D2C /* QuartzCore.framework */ = {isa = PBXFileReference; lastKnownFileType = wrapper.framework; name = QuartzCore.framework; path = System/Library/Frameworks/QuartzCore.framework; sourceTree = SDKROOT; };
		A27791AB1C3F1E5D00185D2C /* Security.framework */ = {isa = PBXFileReference; lastKnownFileType = wrapper.framework; name = Security.framework; path = System/Library/Frameworks/Security.framework; sourceTree = SDKROOT; };
		A27791AD1C3F1E6600185D2C /* StoreKit.framework */ = {isa = PBXFileReference; lastKnownFileType = wrapper.framework; name = StoreKit.framework; path = System/Library/Frameworks/StoreKit.framework; sourceTree = SDKROOT; };
		A27791AF1C3F1E7400185D2C /* SystemConfiguration.framework */ = {isa = PBXFileReference; lastKnownFileType = wrapper.framework; name = SystemConfiguration.framework; path = System/Library/Frameworks/SystemConfiguration.framework; sourceTree = SDKROOT; };
		A27791B11C3F1EB000185D2C /* libsqlite3.tbd */ = {isa = PBXFileReference; lastKnownFileType = "sourcecode.text-based-dylib-definition"; name = libsqlite3.tbd; path = usr/lib/libsqlite3.tbd; sourceTree = SDKROOT; };
		A27791B31C3F1F1300185D2C /* libz.1.1.3.tbd */ = {isa = PBXFileReference; lastKnownFileType = "sourcecode.text-based-dylib-definition"; name = libz.1.1.3.tbd; path = usr/lib/libz.1.1.3.tbd; sourceTree = SDKROOT; };
		A27791B51C3F1F2900185D2C /* MobileCoreServices.framework */ = {isa = PBXFileReference; lastKnownFileType = wrapper.framework; name = MobileCoreServices.framework; path = System/Library/Frameworks/MobileCoreServices.framework; sourceTree = SDKROOT; };
		A27791BD1C3F416E00185D2C /* SignUpViewController.h */ = {isa = PBXFileReference; fileEncoding = 4; lastKnownFileType = sourcecode.c.h; path = SignUpViewController.h; sourceTree = "<group>"; };
		A27791BE1C3F416E00185D2C /* SignUpViewController.m */ = {isa = PBXFileReference; fileEncoding = 4; lastKnownFileType = sourcecode.c.objc; path = SignUpViewController.m; sourceTree = "<group>"; };
		A27791C01C3F485200185D2C /* LoginViewController.h */ = {isa = PBXFileReference; fileEncoding = 4; lastKnownFileType = sourcecode.c.h; path = LoginViewController.h; sourceTree = "<group>"; };
		A27791C11C3F485200185D2C /* LoginViewController.m */ = {isa = PBXFileReference; fileEncoding = 4; lastKnownFileType = sourcecode.c.objc; path = LoginViewController.m; sourceTree = "<group>"; };
		A27791C31C420E0500185D2C /* EditFriendsTableViewController.h */ = {isa = PBXFileReference; fileEncoding = 4; lastKnownFileType = sourcecode.c.h; path = EditFriendsTableViewController.h; sourceTree = "<group>"; };
		A27791C41C420E0500185D2C /* EditFriendsTableViewController.m */ = {isa = PBXFileReference; fileEncoding = 4; lastKnownFileType = sourcecode.c.objc; path = EditFriendsTableViewController.m; sourceTree = "<group>"; };
/* End PBXFileReference section */

/* Begin PBXFrameworksBuildPhase section */
		A24C0E2C1C3CFA4B004FE793 /* Frameworks */ = {
			isa = PBXFrameworksBuildPhase;
			buildActionMask = 2147483647;
			files = (
				A27791B61C3F1F2900185D2C /* MobileCoreServices.framework in Frameworks */,
				A27791B41C3F1F1300185D2C /* libz.1.1.3.tbd in Frameworks */,
				A27791B21C3F1EB000185D2C /* libsqlite3.tbd in Frameworks */,
				A27791B01C3F1E7400185D2C /* SystemConfiguration.framework in Frameworks */,
				A27791AE1C3F1E6600185D2C /* StoreKit.framework in Frameworks */,
				A27791AC1C3F1E5D00185D2C /* Security.framework in Frameworks */,
				A27791AA1C3F1E5200185D2C /* QuartzCore.framework in Frameworks */,
				A27791A81C3F1E3F00185D2C /* CoreLocation.framework in Frameworks */,
				A27791A61C3F1E3600185D2C /* CoreGraphics.framework in Frameworks */,
				A27791A41C3F1E2A00185D2C /* CFNetwork.framework in Frameworks */,
				A27791A21C3F1E1F00185D2C /* AudioToolbox.framework in Frameworks */,
				A277919E1C3F1B2D00185D2C /* Parse.framework in Frameworks */,
				A27791A01C3F1B9500185D2C /* Bolts.framework in Frameworks */,
			);
			runOnlyForDeploymentPostprocessing = 0;
		};
/* End PBXFrameworksBuildPhase section */

/* Begin PBXGroup section */
		A24C0E261C3CFA4B004FE793 = {
			isa = PBXGroup;
			children = (
				A27791B51C3F1F2900185D2C /* MobileCoreServices.framework */,
				A27791B31C3F1F1300185D2C /* libz.1.1.3.tbd */,
				A27791B11C3F1EB000185D2C /* libsqlite3.tbd */,
				A27791AF1C3F1E7400185D2C /* SystemConfiguration.framework */,
				A27791AD1C3F1E6600185D2C /* StoreKit.framework */,
				A27791AB1C3F1E5D00185D2C /* Security.framework */,
				A27791A91C3F1E5200185D2C /* QuartzCore.framework */,
				A27791A71C3F1E3F00185D2C /* CoreLocation.framework */,
				A27791A51C3F1E3600185D2C /* CoreGraphics.framework */,
				A27791A31C3F1E2A00185D2C /* CFNetwork.framework */,
				A27791A11C3F1E1F00185D2C /* AudioToolbox.framework */,
				A24C0E311C3CFA4B004FE793 /* SnapMe */,
				A24C0E301C3CFA4B004FE793 /* Products */,
			);
			sourceTree = "<group>";
		};
		A24C0E301C3CFA4B004FE793 /* Products */ = {
			isa = PBXGroup;
			children = (
				A24C0E2F1C3CFA4B004FE793 /* SnapMe.app */,
			);
			name = Products;
			sourceTree = "<group>";
		};
		A24C0E311C3CFA4B004FE793 /* SnapMe */ = {
			isa = PBXGroup;
			children = (
				A24C0E351C3CFA4B004FE793 /* AppDelegate.h */,
				A23265D71C4C77120005DC94 /* ImageViewController.h */,
				A23265D81C4C77120005DC94 /* ImageViewController.m */,
				A24C0E361C3CFA4B004FE793 /* AppDelegate.m */,
				A27791C31C420E0500185D2C /* EditFriendsTableViewController.h */,
				A27791C41C420E0500185D2C /* EditFriendsTableViewController.m */,
				A23265C91C431E1C0005DC94 /* FriendsTableViewController.h */,
				A23265CA1C431E1C0005DC94 /* FriendsTableViewController.m */,
				A23265CC1C4369090005DC94 /* CameraViewController.h */,
				A23265CD1C4369090005DC94 /* CameraViewController.m */,
				A24C0E381C3CFA4B004FE793 /* ViewController.h */,
				A24C0E391C3CFA4B004FE793 /* ViewController.m */,
				A27791C01C3F485200185D2C /* LoginViewController.h */,
				A27791C11C3F485200185D2C /* LoginViewController.m */,
				A27791BD1C3F416E00185D2C /* SignUpViewController.h */,
				A27791BE1C3F416E00185D2C /* SignUpViewController.m */,
				A27791971C3E4D6F00185D2C /* InboxTableViewController.h */,
				A27791981C3E4D6F00185D2C /* InboxTableViewController.m */,
				A24C0E3B1C3CFA4B004FE793 /* Main.storyboard */,
				A277919F1C3F1B9500185D2C /* Bolts.framework */,
				A277919D1C3F1B2D00185D2C /* Parse.framework */,
				A24C0E3E1C3CFA4B004FE793 /* Assets.xcassets */,
				A24C0E401C3CFA4B004FE793 /* LaunchScreen.storyboard */,
				A24C0E431C3CFA4B004FE793 /* Info.plist */,
				A23265CF1C4C6C6E0005DC94 /* icon_image.png */,
				A23265D01C4C6C6E0005DC94 /* icon_image@2x.png */,
				A23265D11C4C6C6E0005DC94 /* icon_video.png */,
				A23265D21C4C6C6E0005DC94 /* icon_video@2x.png */,
				A24C0E491C3CFA82004FE793 /* camera.png */,
				A24C0E4A1C3CFA82004FE793 /* camera@2x.png */,
				A24C0E4B1C3CFA82004FE793 /* friends.png */,
				A24C0E4C1C3CFA82004FE793 /* friends@2x.png */,
				A24C0E4D1C3CFA82004FE793 /* inbox.png */,
				A24C0E4E1C3CFA82004FE793 /* inbox@2x.png */,
				A24C0E321C3CFA4B004FE793 /* Supporting Files */,
			);
			path = SnapMe;
			sourceTree = "<group>";
		};
		A24C0E321C3CFA4B004FE793 /* Supporting Files */ = {
			isa = PBXGroup;
			children = (
				A24C0E331C3CFA4B004FE793 /* main.m */,
			);
			name = "Supporting Files";
			sourceTree = "<group>";
		};
/* End PBXGroup section */

/* Begin PBXNativeTarget section */
		A24C0E2E1C3CFA4B004FE793 /* SnapMe */ = {
			isa = PBXNativeTarget;
			buildConfigurationList = A24C0E461C3CFA4B004FE793 /* Build configuration list for PBXNativeTarget "SnapMe" */;
			buildPhases = (
				A24C0E2B1C3CFA4B004FE793 /* Sources */,
				A24C0E2C1C3CFA4B004FE793 /* Frameworks */,
				A24C0E2D1C3CFA4B004FE793 /* Resources */,
			);
			buildRules = (
			);
			dependencies = (
			);
			name = SnapMe;
			productName = SnapMe;
			productReference = A24C0E2F1C3CFA4B004FE793 /* SnapMe.app */;
			productType = "com.apple.product-type.application";
		};
/* End PBXNativeTarget section */

/* Begin PBXProject section */
		A24C0E271C3CFA4B004FE793 /* Project object */ = {
			isa = PBXProject;
			attributes = {
				LastUpgradeCheck = 0720;
				ORGANIZATIONNAME = LiaoWenwen;
				TargetAttributes = {
					A24C0E2E1C3CFA4B004FE793 = {
						CreatedOnToolsVersion = 7.2;
					};
				};
			};
			buildConfigurationList = A24C0E2A1C3CFA4B004FE793 /* Build configuration list for PBXProject "SnapMe" */;
			compatibilityVersion = "Xcode 3.2";
			developmentRegion = English;
			hasScannedForEncodings = 0;
			knownRegions = (
				en,
				Base,
			);
			mainGroup = A24C0E261C3CFA4B004FE793;
			productRefGroup = A24C0E301C3CFA4B004FE793 /* Products */;
			projectDirPath = "";
			projectRoot = "";
			targets = (
				A24C0E2E1C3CFA4B004FE793 /* SnapMe */,
			);
		};
/* End PBXProject section */

/* Begin PBXResourcesBuildPhase section */
		A24C0E2D1C3CFA4B004FE793 /* Resources */ = {
			isa = PBXResourcesBuildPhase;
			buildActionMask = 2147483647;
			files = (
				A23265D51C4C6C6E0005DC94 /* icon_video.png in Resources */,
				A24C0E421C3CFA4B004FE793 /* LaunchScreen.storyboard in Resources */,
				A24C0E511C3CFA82004FE793 /* friends.png in Resources */,
				A23265D31C4C6C6E0005DC94 /* icon_image.png in Resources */,
				A24C0E521C3CFA82004FE793 /* friends@2x.png in Resources */,
				A24C0E501C3CFA82004FE793 /* camera@2x.png in Resources */,
				A24C0E531C3CFA82004FE793 /* inbox.png in Resources */,
				A24C0E3F1C3CFA4B004FE793 /* Assets.xcassets in Resources */,
				A23265D41C4C6C6E0005DC94 /* icon_image@2x.png in Resources */,
				A24C0E4F1C3CFA82004FE793 /* camera.png in Resources */,
				A24C0E3D1C3CFA4B004FE793 /* Main.storyboard in Resources */,
				A24C0E541C3CFA82004FE793 /* inbox@2x.png in Resources */,
				A23265D61C4C6C6E0005DC94 /* icon_video@2x.png in Resources */,
			);
			runOnlyForDeploymentPostprocessing = 0;
		};
/* End PBXResourcesBuildPhase section */

/* Begin PBXSourcesBuildPhase section */
		A24C0E2B1C3CFA4B004FE793 /* Sources */ = {
			isa = PBXSourcesBuildPhase;
			buildActionMask = 2147483647;
			files = (
				A23265D91C4C77120005DC94 /* ImageViewController.m in Sources */,
				A27791C51C420E0500185D2C /* EditFriendsTableViewController.m in Sources */,
				A23265CB1C431E1C0005DC94 /* FriendsTableViewController.m in Sources */,
				A27791991C3E4D6F00185D2C /* InboxTableViewController.m in Sources */,
				A27791BF1C3F416E00185D2C /* SignUpViewController.m in Sources */,
				A27791C21C3F485200185D2C /* LoginViewController.m in Sources */,
				A24C0E3A1C3CFA4B004FE793 /* ViewController.m in Sources */,
				A23265CE1C4369090005DC94 /* CameraViewController.m in Sources */,
				A24C0E371C3CFA4B004FE793 /* AppDelegate.m in Sources */,
				A24C0E341C3CFA4B004FE793 /* main.m in Sources */,
			);
			runOnlyForDeploymentPostprocessing = 0;
		};
/* End PBXSourcesBuildPhase section */

/* Begin PBXVariantGroup section */
		A24C0E3B1C3CFA4B004FE793 /* Main.storyboard */ = {
			isa = PBXVariantGroup;
			children = (
				A24C0E3C1C3CFA4B004FE793 /* Base */,
			);
			name = Main.storyboard;
			sourceTree = "<group>";
		};
		A24C0E401C3CFA4B004FE793 /* LaunchScreen.storyboard */ = {
			isa = PBXVariantGroup;
			children = (
				A24C0E411C3CFA4B004FE793 /* Base */,
			);
			name = LaunchScreen.storyboard;
			sourceTree = "<group>";
		};
/* End PBXVariantGroup section */

/* Begin XCBuildConfiguration section */
		A24C0E441C3CFA4B004FE793 /* Debug */ = {
			isa = XCBuildConfiguration;
			buildSettings = {
				ALWAYS_SEARCH_USER_PATHS = NO;
				CLANG_CXX_LANGUAGE_STANDARD = "gnu++0x";
				CLANG_CXX_LIBRARY = "libc++";
				CLANG_ENABLE_MODULES = YES;
				CLANG_ENABLE_OBJC_ARC = YES;
				CLANG_WARN_BOOL_CONVERSION = YES;
				CLANG_WARN_CONSTANT_CONVERSION = YES;
				CLANG_WARN_DIRECT_OBJC_ISA_USAGE = YES_ERROR;
				CLANG_WARN_EMPTY_BODY = YES;
				CLANG_WARN_ENUM_CONVERSION = YES;
				CLANG_WARN_INT_CONVERSION = YES;
				CLANG_WARN_OBJC_ROOT_CLASS = YES_ERROR;
				CLANG_WARN_UNREACHABLE_CODE = YES;
				CLANG_WARN__DUPLICATE_METHOD_MATCH = YES;
				"CODE_SIGN_IDENTITY[sdk=iphoneos*]" = "iPhone Developer";
				COPY_PHASE_STRIP = NO;
				DEBUG_INFORMATION_FORMAT = dwarf;
				ENABLE_STRICT_OBJC_MSGSEND = YES;
				ENABLE_TESTABILITY = YES;
				GCC_C_LANGUAGE_STANDARD = gnu99;
				GCC_DYNAMIC_NO_PIC = NO;
				GCC_NO_COMMON_BLOCKS = YES;
				GCC_OPTIMIZATION_LEVEL = 0;
				GCC_PREPROCESSOR_DEFINITIONS = (
					"DEBUG=1",
					"$(inherited)",
				);
				GCC_WARN_64_TO_32_BIT_CONVERSION = YES;
				GCC_WARN_ABOUT_RETURN_TYPE = YES_ERROR;
				GCC_WARN_UNDECLARED_SELECTOR = YES;
				GCC_WARN_UNINITIALIZED_AUTOS = YES_AGGRESSIVE;
				GCC_WARN_UNUSED_FUNCTION = YES;
				GCC_WARN_UNUSED_VARIABLE = YES;
				IPHONEOS_DEPLOYMENT_TARGET = 9.2;
				MTL_ENABLE_DEBUG_INFO = YES;
				ONLY_ACTIVE_ARCH = YES;
				SDKROOT = iphoneos;
			};
			name = Debug;
		};
		A24C0E451C3CFA4B004FE793 /* Release */ = {
			isa = XCBuildConfiguration;
			buildSettings = {
				ALWAYS_SEARCH_USER_PATHS = NO;
				CLANG_CXX_LANGUAGE_STANDARD = "gnu++0x";
				CLANG_CXX_LIBRARY = "libc++";
				CLANG_ENABLE_MODULES = YES;
				CLANG_ENABLE_OBJC_ARC = YES;
				CLANG_WARN_BOOL_CONVERSION = YES;
				CLANG_WARN_CONSTANT_CONVERSION = YES;
				CLANG_WARN_DIRECT_OBJC_ISA_USAGE = YES_ERROR;
				CLANG_WARN_EMPTY_BODY = YES;
				CLANG_WARN_ENUM_CONVERSION = YES;
				CLANG_WARN_INT_CONVERSION = YES;
				CLANG_WARN_OBJC_ROOT_CLASS = YES_ERROR;
				CLANG_WARN_UNREACHABLE_CODE = YES;
				CLANG_WARN__DUPLICATE_METHOD_MATCH = YES;
				"CODE_SIGN_IDENTITY[sdk=iphoneos*]" = "iPhone Developer";
				COPY_PHASE_STRIP = NO;
				DEBUG_INFORMATION_FORMAT = "dwarf-with-dsym";
				ENABLE_NS_ASSERTIONS = NO;
				ENABLE_STRICT_OBJC_MSGSEND = YES;
				GCC_C_LANGUAGE_STANDARD = gnu99;
				GCC_NO_COMMON_BLOCKS = YES;
				GCC_WARN_64_TO_32_BIT_CONVERSION = YES;
				GCC_WARN_ABOUT_RETURN_TYPE = YES_ERROR;
				GCC_WARN_UNDECLARED_SELECTOR = YES;
				GCC_WARN_UNINITIALIZED_AUTOS = YES_AGGRESSIVE;
				GCC_WARN_UNUSED_FUNCTION = YES;
				GCC_WARN_UNUSED_VARIABLE = YES;
				IPHONEOS_DEPLOYMENT_TARGET = 9.2;
				MTL_ENABLE_DEBUG_INFO = NO;
				SDKROOT = iphoneos;
				VALIDATE_PRODUCT = YES;
			};
			name = Release;
		};
		A24C0E471C3CFA4B004FE793 /* Debug */ = {
			isa = XCBuildConfiguration;
			buildSettings = {
				ASSETCATALOG_COMPILER_APPICON_NAME = AppIcon;
				FRAMEWORK_SEARCH_PATHS = (
					"$(inherited)",
					"$(PROJECT_DIR)/SnapMe",
				);
				INFOPLIST_FILE = SnapMe/Info.plist;
				LD_RUNPATH_SEARCH_PATHS = "$(inherited) @executable_path/Frameworks";
				PRODUCT_BUNDLE_IDENTIFIER = Com.wenwen.SnapMe;
				PRODUCT_NAME = "$(TARGET_NAME)";
			};
			name = Debug;
		};
		A24C0E481C3CFA4B004FE793 /* Release */ = {
			isa = XCBuildConfiguration;
			buildSettings = {
				ASSETCATALOG_COMPILER_APPICON_NAME = AppIcon;
				FRAMEWORK_SEARCH_PATHS = (
					"$(inherited)",
					"$(PROJECT_DIR)/SnapMe",
				);
				INFOPLIST_FILE = SnapMe/Info.plist;
				LD_RUNPATH_SEARCH_PATHS = "$(inherited) @executable_path/Frameworks";
				PRODUCT_BUNDLE_IDENTIFIER = Com.wenwen.SnapMe;
				PRODUCT_NAME = "$(TARGET_NAME)";
			};
			name = Release;
		};
/* End XCBuildConfiguration section */

/* Begin XCConfigurationList section */
		A24C0E2A1C3CFA4B004FE793 /* Build configuration list for PBXProject "SnapMe" */ = {
			isa = XCConfigurationList;
			buildConfigurations = (
				A24C0E441C3CFA4B004FE793 /* Debug */,
				A24C0E451C3CFA4B004FE793 /* Release */,
			);
			defaultConfigurationIsVisible = 0;
			defaultConfigurationName = Release;
		};
		A24C0E461C3CFA4B004FE793 /* Build configuration list for PBXNativeTarget "SnapMe" */ = {
			isa = XCConfigurationList;
			buildConfigurations = (
				A24C0E471C3CFA4B004FE793 /* Debug */,
				A24C0E481C3CFA4B004FE793 /* Release */,
			);
			defaultConfigurationIsVisible = 0;
			defaultConfigurationName = Release;
		};
/* End XCConfigurationList section */
	};
	rootObject = A24C0E271C3CFA4B004FE793 /* Project object */;
}
